// !$*UTF8*$!
{
	archiveVersion = 1;
	classes = {
	};
	objectVersion = 50;
	objects = {

/* Begin PBXBuildFile section */
		D24AD7592616C2FA002BBAEC /* AppDelegate.swift in Sources */ = {isa = PBXBuildFile; fileRef = D24AD7582616C2FA002BBAEC /* AppDelegate.swift */; };
		D24AD75B2616C2FA002BBAEC /* SceneDelegate.swift in Sources */ = {isa = PBXBuildFile; fileRef = D24AD75A2616C2FA002BBAEC /* SceneDelegate.swift */; };
		D24AD75D2616C2FA002BBAEC /* ViewController.swift in Sources */ = {isa = PBXBuildFile; fileRef = D24AD75C2616C2FA002BBAEC /* ViewController.swift */; };
		D24AD7602616C2FA002BBAEC /* Main.storyboard in Resources */ = {isa = PBXBuildFile; fileRef = D24AD75E2616C2FA002BBAEC /* Main.storyboard */; };
		D24AD7622616C2FD002BBAEC /* Assets.xcassets in Resources */ = {isa = PBXBuildFile; fileRef = D24AD7612616C2FD002BBAEC /* Assets.xcassets */; };
		D24AD7652616C2FD002BBAEC /* LaunchScreen.storyboard in Resources */ = {isa = PBXBuildFile; fileRef = D24AD7632616C2FD002BBAEC /* LaunchScreen.storyboard */; };
		D2D3B4F82616E48800B41DFE /* Model.swift in Sources */ = {isa = PBXBuildFile; fileRef = D2D3B4F72616E48800B41DFE /* Model.swift */; };
/* End PBXBuildFile section */

/* Begin PBXFileReference section */
		D24AD7552616C2FA002BBAEC /* Project4.app */ = {isa = PBXFileReference; explicitFileType = wrapper.application; includeInIndex = 0; path = Project4.app; sourceTree = BUILT_PRODUCTS_DIR; };
		D24AD7582616C2FA002BBAEC /* AppDelegate.swift */ = {isa = PBXFileReference; lastKnownFileType = sourcecode.swift; path = AppDelegate.swift; sourceTree = "<group>"; };
		D24AD75A2616C2FA002BBAEC /* SceneDelegate.swift */ = {isa = PBXFileReference; lastKnownFileType = sourcecode.swift; path = SceneDelegate.swift; sourceTree = "<group>"; };
		D24AD75C2616C2FA002BBAEC /* ViewController.swift */ = {isa = PBXFileReference; lastKnownFileType = sourcecode.swift; path = ViewController.swift; sourceTree = "<group>"; };
		D24AD75F2616C2FA002BBAEC /* Base */ = {isa = PBXFileReference; lastKnownFileType = file.storyboard; name = Base; path = Base.lproj/Main.storyboard; sourceTree = "<group>"; };
		D24AD7612616C2FD002BBAEC /* Assets.xcassets */ = {isa = PBXFileReference; lastKnownFileType = folder.assetcatalog; path = Assets.xcassets; sourceTree = "<group>"; };
		D24AD7642616C2FD002BBAEC /* Base */ = {isa = PBXFileReference; lastKnownFileType = file.storyboard; name = Base; path = Base.lproj/LaunchScreen.storyboard; sourceTree = "<group>"; };
		D24AD7662616C2FD002BBAEC /* Info.plist */ = {isa = PBXFileReference; lastKnownFileType = text.plist.xml; path = Info.plist; sourceTree = "<group>"; };
		D2D3B4F72616E48800B41DFE /* Model.swift */ = {isa = PBXFileReference; lastKnownFileType = sourcecode.swift; path = Model.swift; sourceTree = "<group>"; };
/* End PBXFileReference section */

/* Begin PBXFrameworksBuildPhase section */
		D24AD7522616C2FA002BBAEC /* Frameworks */ = {
			isa = PBXFrameworksBuildPhase;
			buildActionMask = 2147483647;
			files = (
			);
			runOnlyForDeploymentPostprocessing = 0;
		};
/* End PBXFrameworksBuildPhase section */

/* Begin PBXGroup section */
		D24AD74C2616C2FA002BBAEC = {
			isa = PBXGroup;
			children = (
				D24AD7572616C2FA002BBAEC /* Project4 */,
				D24AD7562616C2FA002BBAEC /* Products */,
			);
			sourceTree = "<group>";
		};
		D24AD7562616C2FA002BBAEC /* Products */ = {
			isa = PBXGroup;
			children = (
				D24AD7552616C2FA002BBAEC /* Project4.app */,
			);
			name = Products;
			sourceTree = "<group>";
		};
		D24AD7572616C2FA002BBAEC /* Project4 */ = {
			isa = PBXGroup;
			children = (
				D24AD7582616C2FA002BBAEC /* AppDelegate.swift */,
				D24AD75A2616C2FA002BBAEC /* SceneDelegate.swift */,
				D24AD76E2616C3BE002BBAEC /* Home */,
				D24AD76D2616C3AB002BBAEC /* Storyboards */,
				D24AD7612616C2FD002BBAEC /* Assets.xcassets */,
				D24AD7662616C2FD002BBAEC /* Info.plist */,
			);
			path = Project4;
			sourceTree = "<group>";
		};
		D24AD76D2616C3AB002BBAEC /* Storyboards */ = {
			isa = PBXGroup;
			children = (
				D24AD75E2616C2FA002BBAEC /* Main.storyboard */,
				D24AD7632616C2FD002BBAEC /* LaunchScreen.storyboard */,
			);
			path = Storyboards;
			sourceTree = "<group>";
		};
		D24AD76E2616C3BE002BBAEC /* Home */ = {
			isa = PBXGroup;
			children = (
				D2D3B4F52616E45000B41DFE /* Entity */,
				D2D3B4F62616E45900B41DFE /* View */,
			);
			path = Home;
			sourceTree = "<group>";
		};
		D2D3B4F52616E45000B41DFE /* Entity */ = {
			isa = PBXGroup;
			children = (
				D2D3B4F72616E48800B41DFE /* Model.swift */,
			);
			path = Entity;
			sourceTree = "<group>";
		};
		D2D3B4F62616E45900B41DFE /* View */ = {
			isa = PBXGroup;
			children = (
				D24AD75C2616C2FA002BBAEC /* ViewController.swift */,
			);
			path = View;
			sourceTree = "<group>";
		};
/* End PBXGroup section */

/* Begin PBXNativeTarget section */
		D24AD7542616C2FA002BBAEC /* Project4 */ = {
			isa = PBXNativeTarget;
			buildConfigurationList = D24AD7692616C2FD002BBAEC /* Build configuration list for PBXNativeTarget "Project4" */;
			buildPhases = (
				D24AD7512616C2FA002BBAEC /* Sources */,
				D24AD7522616C2FA002BBAEC /* Frameworks */,
				D24AD7532616C2FA002BBAEC /* Resources */,
			);
			buildRules = (
			);
			dependencies = (
			);
			name = Project4;
			productName = Project4;
			productReference = D24AD7552616C2FA002BBAEC /* Project4.app */;
			productType = "com.apple.product-type.application";
		};
/* End PBXNativeTarget section */

/* Begin PBXProject section */
		D24AD74D2616C2FA002BBAEC /* Project object */ = {
			isa = PBXProject;
			attributes = {
				LastSwiftUpdateCheck = 1240;
				LastUpgradeCheck = 1240;
				TargetAttributes = {
					D24AD7542616C2FA002BBAEC = {
						CreatedOnToolsVersion = 12.4;
					};
				};
			};
			buildConfigurationList = D24AD7502616C2FA002BBAEC /* Build configuration list for PBXProject "Project4" */;
			compatibilityVersion = "Xcode 9.3";
			developmentRegion = en;
			hasScannedForEncodings = 0;
			knownRegions = (
				en,
				Base,
			);
			mainGroup = D24AD74C2616C2FA002BBAEC;
			productRefGroup = D24AD7562616C2FA002BBAEC /* Products */;
			projectDirPath = "";
			projectRoot = "";
			targets = (
				D24AD7542616C2FA002BBAEC /* Project4 */,
			);
		};
/* End PBXProject section */

/* Begin PBXResourcesBuildPhase section */
		D24AD7532616C2FA002BBAEC /* Resources */ = {
			isa = PBXResourcesBuildPhase;
			buildActionMask = 2147483647;
			files = (
				D24AD7652616C2FD002BBAEC /* LaunchScreen.storyboard in Resources */,
				D24AD7622616C2FD002BBAEC /* Assets.xcassets in Resources */,
				D24AD7602616C2FA002BBAEC /* Main.storyboard in Resources */,
			);
			runOnlyForDeploymentPostprocessing = 0;
		};
/* End PBXResourcesBuildPhase section */

/* Begin PBXSourcesBuildPhase section */
		D24AD7512616C2FA002BBAEC /* Sources */ = {
			isa = PBXSourcesBuildPhase;
			buildActionMask = 2147483647;
			files = (
				D24AD75D2616C2FA002BBAEC /* ViewController.swift in Sources */,
				D24AD7592616C2FA002BBAEC /* AppDelegate.swift in Sources */,
				D24AD75B2616C2FA002BBAEC /* SceneDelegate.swift in Sources */,
				D2D3B4F82616E48800B41DFE /* Model.swift in Sources */,
			);
			runOnlyForDeploymentPostprocessing = 0;
		};
/* End PBXSourcesBuildPhase section */

/* Begin PBXVariantGroup section */
		D24AD75E2616C2FA002BBAEC /* Main.storyboard */ = {
			isa = PBXVariantGroup;
			children = (
				D24AD75F2616C2FA002BBAEC /* Base */,
			);
			name = Main.storyboard;
			sourceTree = "<group>";
		};
		D24AD7632616C2FD002BBAEC /* LaunchScreen.storyboard */ = {
			isa = PBXVariantGroup;
			children = (
				D24AD7642616C2FD002BBAEC /* Base */,
			);
			name = LaunchScreen.storyboard;
			sourceTree = "<group>";
		};
/* End PBXVariantGroup section */

/* Begin XCBuildConfiguration section */
		D24AD7672616C2FD002BBAEC /* Debug */ = {
			isa = XCBuildConfiguration;
			buildSettings = {
				ALWAYS_SEARCH_USER_PATHS = NO;
				CLANG_ANALYZER_NONNULL = YES;
				CLANG_ANALYZER_NUMBER_OBJECT_CONVERSION = YES_AGGRESSIVE;
				CLANG_CXX_LANGUAGE_STANDARD = "gnu++14";
				CLANG_CXX_LIBRARY = "libc++";
				CLANG_ENABLE_MODULES = YES;
				CLANG_ENABLE_OBJC_ARC = YES;
				CLANG_ENABLE_OBJC_WEAK = YES;
				CLANG_WARN_BLOCK_CAPTURE_AUTORELEASING = YES;
				CLANG_WARN_BOOL_CONVERSION = YES;
				CLANG_WARN_COMMA = YES;
				CLANG_WARN_CONSTANT_CONVERSION = YES;
				CLANG_WARN_DEPRECATED_OBJC_IMPLEMENTATIONS = YES;
				CLANG_WARN_DIRECT_OBJC_ISA_USAGE = YES_ERROR;
				CLANG_WARN_DOCUMENTATION_COMMENTS = YES;
				CLANG_WARN_EMPTY_BODY = YES;
				CLANG_WARN_ENUM_CONVERSION = YES;
				CLANG_WARN_INFINITE_RECURSION = YES;
				CLANG_WARN_INT_CONVERSION = YES;
				CLANG_WARN_NON_LITERAL_NULL_CONVERSION = YES;
				CLANG_WARN_OBJC_IMPLICIT_RETAIN_SELF = YES;
				CLANG_WARN_OBJC_LITERAL_CONVERSION = YES;
				CLANG_WARN_OBJC_ROOT_CLASS = YES_ERROR;
				CLANG_WARN_QUOTED_INCLUDE_IN_FRAMEWORK_HEADER = YES;
				CLANG_WARN_RANGE_LOOP_ANALYSIS = YES;
				CLANG_WARN_STRICT_PROTOTYPES = YES;
				CLANG_WARN_SUSPICIOUS_MOVE = YES;
				CLANG_WARN_UNGUARDED_AVAILABILITY = YES_AGGRESSIVE;
				CLANG_WARN_UNREACHABLE_CODE = YES;
				CLANG_WARN__DUPLICATE_METHOD_MATCH = YES;
				COPY_PHASE_STRIP = NO;
				DEBUG_INFORMATION_FORMAT = dwarf;
				ENABLE_STRICT_OBJC_MSGSEND = YES;
				ENABLE_TESTABILITY = YES;
				GCC_C_LANGUAGE_STANDARD = gnu11;
				GCC_DYNAMIC_NO_PIC = NO;
				GCC_NO_COMMON_BLOCKS = YES;
				GCC_OPTIMIZATION_LEVEL = 0;
				GCC_PREPROCESSOR_DEFINITIONS = (
					"DEBUG=1",
					"$(inherited)",
				);
				GCC_WARN_64_TO_32_BIT_CONVERSION = YES;
				GCC_WARN_ABOUT_RETURN_TYPE = YES_ERROR;
				GCC_WARN_UNDECLARED_SELECTOR = YES;
				GCC_WARN_UNINITIALIZED_AUTOS = YES_AGGRESSIVE;
				GCC_WARN_UNUSED_FUNCTION = YES;
				GCC_WARN_UNUSED_VARIABLE = YES;
				IPHONEOS_DEPLOYMENT_TARGET = 14.4;
				MTL_ENABLE_DEBUG_INFO = INCLUDE_SOURCE;
				MTL_FAST_MATH = YES;
				ONLY_ACTIVE_ARCH = YES;
				SDKROOT = iphoneos;
				SWIFT_ACTIVE_COMPILATION_CONDITIONS = DEBUG;
				SWIFT_OPTIMIZATION_LEVEL = "-Onone";
			};
			name = Debug;
		};
		D24AD7682616C2FD002BBAEC /* Release */ = {
			isa = XCBuildConfiguration;
			buildSettings = {
				ALWAYS_SEARCH_USER_PATHS = NO;
				CLANG_ANALYZER_NONNULL = YES;
				CLANG_ANALYZER_NUMBER_OBJECT_CONVERSION = YES_AGGRESSIVE;
				CLANG_CXX_LANGUAGE_STANDARD = "gnu++14";
				CLANG_CXX_LIBRARY = "libc++";
				CLANG_ENABLE_MODULES = YES;
				CLANG_ENABLE_OBJC_ARC = YES;
				CLANG_ENABLE_OBJC_WEAK = YES;
				CLANG_WARN_BLOCK_CAPTURE_AUTORELEASING = YES;
				CLANG_WARN_BOOL_CONVERSION = YES;
				CLANG_WARN_COMMA = YES;
				CLANG_WARN_CONSTANT_CONVERSION = YES;
				CLANG_WARN_DEPRECATED_OBJC_IMPLEMENTATIONS = YES;
				CLANG_WARN_DIRECT_OBJC_ISA_USAGE = YES_ERROR;
				CLANG_WARN_DOCUMENTATION_COMMENTS = YES;
				CLANG_WARN_EMPTY_BODY = YES;
				CLANG_WARN_ENUM_CONVERSION = YES;
				CLANG_WARN_INFINITE_RECURSION = YES;
				CLANG_WARN_INT_CONVERSION = YES;
				CLANG_WARN_NON_LITERAL_NULL_CONVERSION = YES;
				CLANG_WARN_OBJC_IMPLICIT_RETAIN_SELF = YES;
				CLANG_WARN_OBJC_LITERAL_CONVERSION = YES;
				CLANG_WARN_OBJC_ROOT_CLASS = YES_ERROR;
				CLANG_WARN_QUOTED_INCLUDE_IN_FRAMEWORK_HEADER = YES;
				CLANG_WARN_RANGE_LOOP_ANALYSIS = YES;
				CLANG_WARN_STRICT_PROTOTYPES = YES;
				CLANG_WARN_SUSPICIOUS_MOVE = YES;
				CLANG_WARN_UNGUARDED_AVAILABILITY = YES_AGGRESSIVE;
				CLANG_WARN_UNREACHABLE_CODE = YES;
				CLANG_WARN__DUPLICATE_METHOD_MATCH = YES;
				COPY_PHASE_STRIP = NO;
				DEBUG_INFORMATION_FORMAT = "dwarf-with-dsym";
				ENABLE_NS_ASSERTIONS = NO;
				ENABLE_STRICT_OBJC_MSGSEND = YES;
				GCC_C_LANGUAGE_STANDARD = gnu11;
				GCC_NO_COMMON_BLOCKS = YES;
				GCC_WARN_64_TO_32_BIT_CONVERSION = YES;
				GCC_WARN_ABOUT_RETURN_TYPE = YES_ERROR;
				GCC_WARN_UNDECLARED_SELECTOR = YES;
				GCC_WARN_UNINITIALIZED_AUTOS = YES_AGGRESSIVE;
				GCC_WARN_UNUSED_FUNCTION = YES;
				GCC_WARN_UNUSED_VARIABLE = YES;
				IPHONEOS_DEPLOYMENT_TARGET = 14.4;
				MTL_ENABLE_DEBUG_INFO = NO;
				MTL_FAST_MATH = YES;
				SDKROOT = iphoneos;
				SWIFT_COMPILATION_MODE = wholemodule;
				SWIFT_OPTIMIZATION_LEVEL = "-O";
				VALIDATE_PRODUCT = YES;
			};
			name = Release;
		};
		D24AD76A2616C2FD002BBAEC /* Debug */ = {
			isa = XCBuildConfiguration;
			buildSettings = {
				ASSETCATALOG_COMPILER_APPICON_NAME = AppIcon;
				ASSETCATALOG_COMPILER_GLOBAL_ACCENT_COLOR_NAME = AccentColor;
				CODE_SIGN_STYLE = Automatic;
				DEVELOPMENT_TEAM = Z247Q743VR;
				INFOPLIST_FILE = Project4/Info.plist;
				LD_RUNPATH_SEARCH_PATHS = (
					"$(inherited)",
					"@executable_path/Frameworks",
				);
				PRODUCT_BUNDLE_IDENTIFIER = id.fadhilhanri.Project4;
				PRODUCT_NAME = "$(TARGET_NAME)";
				SWIFT_VERSION = 5.0;
				TARGETED_DEVICE_FAMILY = "1,2";
			};
			name = Debug;
		};
		D24AD76B2616C2FD002BBAEC /* Release */ = {
			isa = XCBuildConfiguration;
			buildSettings = {
				ASSETCATALOG_COMPILER_APPICON_NAME = AppIcon;
				ASSETCATALOG_COMPILER_GLOBAL_ACCENT_COLOR_NAME = AccentColor;
				CODE_SIGN_STYLE = Automatic;
				DEVELOPMENT_TEAM = Z247Q743VR;
				INFOPLIST_FILE = Project4/Info.plist;
				LD_RUNPATH_SEARCH_PATHS = (
					"$(inherited)",
					"@executable_path/Frameworks",
				);
				PRODUCT_BUNDLE_IDENTIFIER = id.fadhilhanri.Project4;
				PRODUCT_NAME = "$(TARGET_NAME)";
				SWIFT_VERSION = 5.0;
				TARGETED_DEVICE_FAMILY = "1,2";
			};
			name = Release;
		};
/* End XCBuildConfiguration section */

/* Begin XCConfigurationList section */
		D24AD7502616C2FA002BBAEC /* Build configuration list for PBXProject "Project4" */ = {
			isa = XCConfigurationList;
			buildConfigurations = (
				D24AD7672616C2FD002BBAEC /* Debug */,
				D24AD7682616C2FD002BBAEC /* Release */,
			);
			defaultConfigurationIsVisible = 0;
			defaultConfigurationName = Release;
		};
		D24AD7692616C2FD002BBAEC /* Build configuration list for PBXNativeTarget "Project4" */ = {
			isa = XCConfigurationList;
			buildConfigurations = (
				D24AD76A2616C2FD002BBAEC /* Debug */,
				D24AD76B2616C2FD002BBAEC /* Release */,
			);
			defaultConfigurationIsVisible = 0;
			defaultConfigurationName = Release;
		};
/* End XCConfigurationList section */
	};
	rootObject = D24AD74D2616C2FA002BBAEC /* Project object */;
}
